
Microsoft Visual Studio Solution File, Format Version 12.00
# Visual Studio Version 17
VisualStudioVersion = 17.5.33516.290
MinimumVisualStudioVersion = 10.0.40219.1
Project("{9A19103F-16F7-4668-BE54-9A1E7A4F7556}") = "ResultViewer.Server", "ResultViewer.Server.csproj", "{277E660C-37C4-4E94-8B87-1F7EA9D28865}"
EndProject
Project("{FAE04EC0-301F-11D3-BF4B-00C04F79EFBC}") = "ResultViewer.Server.Tests", "..\ResultViewer.Server.Tests\ResultViewer.Server.Tests.csproj", "{7522A837-A1C1-41E0-AF57-04832CCFFD45}"
EndProject
Global
	GlobalSection(SolutionConfigurationPlatforms) = preSolution
		Debug|Any CPU = Debug|Any CPU
		Release|Any CPU = Release|Any CPU
	EndGlobalSection
	GlobalSection(ProjectConfigurationPlatforms) = postSolution
		{277E660C-37C4-4E94-8B87-1F7EA9D28865}.Debug|Any CPU.ActiveCfg = Debug|Any CPU
		{277E660C-37C4-4E94-8B87-1F7EA9D28865}.Debug|Any CPU.Build.0 = Debug|Any CPU
		{277E660C-37C4-4E94-8B87-1F7EA9D28865}.Release|Any CPU.ActiveCfg = Release|Any CPU
		{277E660C-37C4-4E94-8B87-1F7EA9D28865}.Release|Any CPU.Build.0 = Release|Any CPU
		{7522A837-A1C1-41E0-AF57-04832CCFFD45}.Debug|Any CPU.ActiveCfg = Debug|Any CPU
		{7522A837-A1C1-41E0-AF57-04832CCFFD45}.Debug|Any CPU.Build.0 = Debug|Any CPU
		{7522A837-A1C1-41E0-AF57-04832CCFFD45}.Release|Any CPU.ActiveCfg = Release|Any CPU
		{7522A837-A1C1-41E0-AF57-04832CCFFD45}.Release|Any CPU.Build.0 = Release|Any CPU
	EndGlobalSection
	GlobalSection(SolutionProperties) = preSolution
		HideSolutionNode = FALSE
	EndGlobalSection
	GlobalSection(ExtensibilityGlobals) = postSolution
		SolutionGuid = {463B53BA-D1C4-4E26-85AB-1E568F409298}
	EndGlobalSection
EndGlobal
